
Microsoft Visual Studio Solution File, Format Version 12.00
# Visual Studio Version 17
VisualStudioVersion = 17.2.32616.157
MinimumVisualStudioVersion = 10.0.40219.1
Project("{FAE04EC0-301F-11D3-BF4B-00C04F79EFBC}") = "VintageFootballShirts", "VintageFootballShirts.csproj", "{24ED3BF8-72C9-404D-B3B3-9852059238F6}"
EndProject
Project("{E53339B2-1760-4266-BCC7-CA923CBCF16C}") = "docker-compose", "docker-compose.dcproj", "{F2608C64-9D64-4965-9C43-AD138A180C07}"
EndProject
Global
	GlobalSection(SolutionConfigurationPlatforms) = preSolution
		Debug|Any CPU = Debug|Any CPU
		Release|Any CPU = Release|Any CPU
	EndGlobalSection
	GlobalSection(ProjectConfigurationPlatforms) = postSolution
		{24ED3BF8-72C9-404D-B3B3-9852059238F6}.Debug|Any CPU.ActiveCfg = Debug|Any CPU
		{24ED3BF8-72C9-404D-B3B3-9852059238F6}.Debug|Any CPU.Build.0 = Debug|Any CPU
		{24ED3BF8-72C9-404D-B3B3-9852059238F6}.Release|Any CPU.ActiveCfg = Release|Any CPU
		{24ED3BF8-72C9-404D-B3B3-9852059238F6}.Release|Any CPU.Build.0 = Release|Any CPU
		{F2608C64-9D64-4965-9C43-AD138A180C07}.Debug|Any CPU.ActiveCfg = Debug|Any CPU
		{F2608C64-9D64-4965-9C43-AD138A180C07}.Debug|Any CPU.Build.0 = Debug|Any CPU
		{F2608C64-9D64-4965-9C43-AD138A180C07}.Release|Any CPU.ActiveCfg = Release|Any CPU
		{F2608C64-9D64-4965-9C43-AD138A180C07}.Release|Any CPU.Build.0 = Release|Any CPU
	EndGlobalSection
	GlobalSection(SolutionProperties) = preSolution
		HideSolutionNode = FALSE
	EndGlobalSection
	GlobalSection(ExtensibilityGlobals) = postSolution
		SolutionGuid = {8AA695BA-C96F-4C97-B4B4-5449614A5748}
	EndGlobalSection
EndGlobal
